
Microsoft Visual Studio Solution File, Format Version 12.00
# Visual Studio Version 16
VisualStudioVersion = 16.0.29613.14
MinimumVisualStudioVersion = 10.0.40219.1
Project("{FAE04EC0-301F-11D3-BF4B-00C04F79EFBC}") = "Point.Tangerino", "Point.Tangerino.csproj", "{95FF7970-013F-4A9D-BB05-C2804F2F488A}"
EndProject
Global
	GlobalSection(SolutionConfigurationPlatforms) = preSolution
		Debug|Any CPU = Debug|Any CPU
		Release|Any CPU = Release|Any CPU
	EndGlobalSection
	GlobalSection(ProjectConfigurationPlatforms) = postSolution
		{95FF7970-013F-4A9D-BB05-C2804F2F488A}.Debug|Any CPU.ActiveCfg = Debug|Any CPU
		{95FF7970-013F-4A9D-BB05-C2804F2F488A}.Debug|Any CPU.Build.0 = Debug|Any CPU
		{95FF7970-013F-4A9D-BB05-C2804F2F488A}.Release|Any CPU.ActiveCfg = Release|Any CPU
		{95FF7970-013F-4A9D-BB05-C2804F2F488A}.Release|Any CPU.Build.0 = Release|Any CPU
	EndGlobalSection
	GlobalSection(SolutionProperties) = preSolution
		HideSolutionNode = FALSE
	EndGlobalSection
	GlobalSection(ExtensibilityGlobals) = postSolution
		SolutionGuid = {2018EE59-C584-4602-9379-131EE9F15A3B}
	EndGlobalSection
EndGlobal
